// !$*UTF8*$!
{
	archiveVersion = 1;
	classes = {
	};
	objectVersion = 55;
	objects = {

/* Begin PBXBuildFile section */
		C11680012965CE3F00BB80CB /* Extension.swift in Sources */ = {isa = PBXBuildFile; fileRef = C11680002965CE3F00BB80CB /* Extension.swift */; };
		C11696F8286AE5B4001699A4 /* PoemCell.swift in Sources */ = {isa = PBXBuildFile; fileRef = C11696F7286AE5B4001699A4 /* PoemCell.swift */; };
		C13EF8392833841A007AE7B2 /* PoemsViewController.swift in Sources */ = {isa = PBXBuildFile; fileRef = C13EF8382833841A007AE7B2 /* PoemsViewController.swift */; };
		C13EF83C28338484007AE7B2 /* WriterViewController.swift in Sources */ = {isa = PBXBuildFile; fileRef = C13EF83B28338484007AE7B2 /* WriterViewController.swift */; };
		C13EF83E283384C1007AE7B2 /* StorageManager.swift in Sources */ = {isa = PBXBuildFile; fileRef = C13EF83D283384C1007AE7B2 /* StorageManager.swift */; };
		C156D8EE28688ECB00DB802E /* TabBarViewController.swift in Sources */ = {isa = PBXBuildFile; fileRef = C156D8ED28688ECB00DB802E /* TabBarViewController.swift */; };
		C166A9F62850E976001A8E14 /* PoemApp.xcdatamodeld in Sources */ = {isa = PBXBuildFile; fileRef = C166A9F42850E976001A8E14 /* PoemApp.xcdatamodeld */; };
		C173C514287C26A80063BD8F /* AlertController.swift in Sources */ = {isa = PBXBuildFile; fileRef = C173C513287C26A80063BD8F /* AlertController.swift */; };
		C1A3F7E9286C2FAE0016CFD7 /* RhymesViewController.swift in Sources */ = {isa = PBXBuildFile; fileRef = C1A3F7E8286C2FAE0016CFD7 /* RhymesViewController.swift */; };
		C1C6D9E029535D0900D66DDE /* Assets.xcassets in Resources */ = {isa = PBXBuildFile; fileRef = C1C6D9DF29535D0900D66DDE /* Assets.xcassets */; };
		C1C9C1A2282CF243002AD499 /* AppDelegate.swift in Sources */ = {isa = PBXBuildFile; fileRef = C1C9C1A1282CF243002AD499 /* AppDelegate.swift */; };
		C1C9C1A4282CF243002AD499 /* SceneDelegate.swift in Sources */ = {isa = PBXBuildFile; fileRef = C1C9C1A3282CF243002AD499 /* SceneDelegate.swift */; };
		C1C9C1A6282CF243002AD499 /* SynonymViewController.swift in Sources */ = {isa = PBXBuildFile; fileRef = C1C9C1A5282CF243002AD499 /* SynonymViewController.swift */; };
		C1C9C1A9282CF243002AD499 /* Main.storyboard in Resources */ = {isa = PBXBuildFile; fileRef = C1C9C1A7282CF243002AD499 /* Main.storyboard */; };
		C1C9C1AE282CF244002AD499 /* LaunchScreen.storyboard in Resources */ = {isa = PBXBuildFile; fileRef = C1C9C1AC282CF244002AD499 /* LaunchScreen.storyboard */; };
		C1C9C1B6282D18E7002AD499 /* Poem.swift in Sources */ = {isa = PBXBuildFile; fileRef = C1C9C1B5282D18E7002AD499 /* Poem.swift */; };
		C1C9C1B8282D1CB8002AD499 /* NetworkManager.swift in Sources */ = {isa = PBXBuildFile; fileRef = C1C9C1B7282D1CB8002AD499 /* NetworkManager.swift */; };
		C1E822EE29587A1A00590B7D /* ColorCell.swift in Sources */ = {isa = PBXBuildFile; fileRef = C1E822ED29587A1A00590B7D /* ColorCell.swift */; };
		F3D11C4A0BDCF783F3C58FB6 /* Pods_PoemApp.framework in Frameworks */ = {isa = PBXBuildFile; fileRef = 5D96B107EF88AD3C739F1938 /* Pods_PoemApp.framework */; };
/* End PBXBuildFile section */

/* Begin PBXFileReference section */
		5D96B107EF88AD3C739F1938 /* Pods_PoemApp.framework */ = {isa = PBXFileReference; explicitFileType = wrapper.framework; includeInIndex = 0; path = Pods_PoemApp.framework; sourceTree = BUILT_PRODUCTS_DIR; };
		C11680002965CE3F00BB80CB /* Extension.swift */ = {isa = PBXFileReference; lastKnownFileType = sourcecode.swift; path = Extension.swift; sourceTree = "<group>"; };
		C11696F7286AE5B4001699A4 /* PoemCell.swift */ = {isa = PBXFileReference; lastKnownFileType = sourcecode.swift; path = PoemCell.swift; sourceTree = "<group>"; };
		C13EF8382833841A007AE7B2 /* PoemsViewController.swift */ = {isa = PBXFileReference; lastKnownFileType = sourcecode.swift; path = PoemsViewController.swift; sourceTree = "<group>"; };
		C13EF83B28338484007AE7B2 /* WriterViewController.swift */ = {isa = PBXFileReference; lastKnownFileType = sourcecode.swift; path = WriterViewController.swift; sourceTree = "<group>"; };
		C13EF83D283384C1007AE7B2 /* StorageManager.swift */ = {isa = PBXFileReference; lastKnownFileType = sourcecode.swift; path = StorageManager.swift; sourceTree = "<group>"; };
		C156D8ED28688ECB00DB802E /* TabBarViewController.swift */ = {isa = PBXFileReference; lastKnownFileType = sourcecode.swift; path = TabBarViewController.swift; sourceTree = "<group>"; };
		C166A9F52850E976001A8E14 /* PoemApp.xcdatamodel */ = {isa = PBXFileReference; lastKnownFileType = wrapper.xcdatamodel; path = PoemApp.xcdatamodel; sourceTree = "<group>"; };
		C173C513287C26A80063BD8F /* AlertController.swift */ = {isa = PBXFileReference; lastKnownFileType = sourcecode.swift; path = AlertController.swift; sourceTree = "<group>"; };
		C1A3F7E8286C2FAE0016CFD7 /* RhymesViewController.swift */ = {isa = PBXFileReference; lastKnownFileType = sourcecode.swift; path = RhymesViewController.swift; sourceTree = "<group>"; };
		C1C6D9DF29535D0900D66DDE /* Assets.xcassets */ = {isa = PBXFileReference; lastKnownFileType = folder.assetcatalog; path = Assets.xcassets; sourceTree = "<group>"; };
		C1C9C19E282CF243002AD499 /* PoemApp.app */ = {isa = PBXFileReference; explicitFileType = wrapper.application; includeInIndex = 0; path = PoemApp.app; sourceTree = BUILT_PRODUCTS_DIR; };
		C1C9C1A1282CF243002AD499 /* AppDelegate.swift */ = {isa = PBXFileReference; lastKnownFileType = sourcecode.swift; path = AppDelegate.swift; sourceTree = "<group>"; };
		C1C9C1A3282CF243002AD499 /* SceneDelegate.swift */ = {isa = PBXFileReference; lastKnownFileType = sourcecode.swift; path = SceneDelegate.swift; sourceTree = "<group>"; };
		C1C9C1A5282CF243002AD499 /* SynonymViewController.swift */ = {isa = PBXFileReference; lastKnownFileType = sourcecode.swift; path = SynonymViewController.swift; sourceTree = "<group>"; };
		C1C9C1A8282CF243002AD499 /* Base */ = {isa = PBXFileReference; lastKnownFileType = file.storyboard; name = Base; path = Base.lproj/Main.storyboard; sourceTree = "<group>"; };
		C1C9C1AD282CF244002AD499 /* Base */ = {isa = PBXFileReference; lastKnownFileType = file.storyboard; name = Base; path = Base.lproj/LaunchScreen.storyboard; sourceTree = "<group>"; };
		C1C9C1AF282CF244002AD499 /* Info.plist */ = {isa = PBXFileReference; lastKnownFileType = text.plist.xml; path = Info.plist; sourceTree = "<group>"; };
		C1C9C1B5282D18E7002AD499 /* Poem.swift */ = {isa = PBXFileReference; lastKnownFileType = sourcecode.swift; path = Poem.swift; sourceTree = "<group>"; };
		C1C9C1B7282D1CB8002AD499 /* NetworkManager.swift */ = {isa = PBXFileReference; lastKnownFileType = sourcecode.swift; path = NetworkManager.swift; sourceTree = "<group>"; };
		C1E822ED29587A1A00590B7D /* ColorCell.swift */ = {isa = PBXFileReference; lastKnownFileType = sourcecode.swift; path = ColorCell.swift; sourceTree = "<group>"; };
		E33AE822F31E413EAB72DE18 /* Pods-PoemApp.debug.xcconfig */ = {isa = PBXFileReference; includeInIndex = 1; lastKnownFileType = text.xcconfig; name = "Pods-PoemApp.debug.xcconfig"; path = "Target Support Files/Pods-PoemApp/Pods-PoemApp.debug.xcconfig"; sourceTree = "<group>"; };
		F2945D0580A3967841EE5265 /* Pods-PoemApp.release.xcconfig */ = {isa = PBXFileReference; includeInIndex = 1; lastKnownFileType = text.xcconfig; name = "Pods-PoemApp.release.xcconfig"; path = "Target Support Files/Pods-PoemApp/Pods-PoemApp.release.xcconfig"; sourceTree = "<group>"; };
/* End PBXFileReference section */

/* Begin PBXFrameworksBuildPhase section */
		C1C9C19B282CF243002AD499 /* Frameworks */ = {
			isa = PBXFrameworksBuildPhase;
			buildActionMask = 2147483647;
			files = (
				F3D11C4A0BDCF783F3C58FB6 /* Pods_PoemApp.framework in Frameworks */,
			);
			runOnlyForDeploymentPostprocessing = 0;
		};
/* End PBXFrameworksBuildPhase section */

/* Begin PBXGroup section */
		B43B2437B87BF0DC61D461C2 /* Pods */ = {
			isa = PBXGroup;
			children = (
				E33AE822F31E413EAB72DE18 /* Pods-PoemApp.debug.xcconfig */,
				F2945D0580A3967841EE5265 /* Pods-PoemApp.release.xcconfig */,
			);
			path = Pods;
			sourceTree = "<group>";
		};
		C11696F9286AE64E001699A4 /* Views */ = {
			isa = PBXGroup;
			children = (
				C11696F7286AE5B4001699A4 /* PoemCell.swift */,
				C173C513287C26A80063BD8F /* AlertController.swift */,
				C1E822ED29587A1A00590B7D /* ColorCell.swift */,
				C11680002965CE3F00BB80CB /* Extension.swift */,
			);
			path = Views;
			sourceTree = "<group>";
		};
		C13EF83A2833842B007AE7B2 /* VC */ = {
			isa = PBXGroup;
			children = (
				C13EF8382833841A007AE7B2 /* PoemsViewController.swift */,
				C13EF83B28338484007AE7B2 /* WriterViewController.swift */,
				C1C9C1A5282CF243002AD499 /* SynonymViewController.swift */,
				C1A3F7E8286C2FAE0016CFD7 /* RhymesViewController.swift */,
				C156D8ED28688ECB00DB802E /* TabBarViewController.swift */,
			);
			path = VC;
			sourceTree = "<group>";
		};
		C1712F1128322E4B00361750 /* Models */ = {
			isa = PBXGroup;
			children = (
				C1C9C1B5282D18E7002AD499 /* Poem.swift */,
			);
			path = Models;
			sourceTree = "<group>";
		};
		C1712F1228322EC100361750 /* Services */ = {
			isa = PBXGroup;
			children = (
				C13EF83D283384C1007AE7B2 /* StorageManager.swift */,
				C1C9C1B7282D1CB8002AD499 /* NetworkManager.swift */,
			);
			path = Services;
			sourceTree = "<group>";
		};
		C1712F1328322EEC00361750 /* Storyboards */ = {
			isa = PBXGroup;
			children = (
				C1C9C1A7282CF243002AD499 /* Main.storyboard */,
				C1C9C1AC282CF244002AD499 /* LaunchScreen.storyboard */,
			);
			path = Storyboards;
			sourceTree = "<group>";
		};
		C1A5FA4B2834A5FE00B14A21 /* App */ = {
			isa = PBXGroup;
			children = (
				C1C9C1A1282CF243002AD499 /* AppDelegate.swift */,
				C1C9C1A3282CF243002AD499 /* SceneDelegate.swift */,
			);
			path = App;
			sourceTree = "<group>";
		};
		C1C9C195282CF243002AD499 = {
			isa = PBXGroup;
			children = (
				C1C9C1A0282CF243002AD499 /* PoemApp */,
				C1C9C19F282CF243002AD499 /* Products */,
				B43B2437B87BF0DC61D461C2 /* Pods */,
				D8A75F44925E9939B0DEE14C /* Frameworks */,
			);
			sourceTree = "<group>";
		};
		C1C9C19F282CF243002AD499 /* Products */ = {
			isa = PBXGroup;
			children = (
				C1C9C19E282CF243002AD499 /* PoemApp.app */,
			);
			name = Products;
			sourceTree = "<group>";
		};
		C1C9C1A0282CF243002AD499 /* PoemApp */ = {
			isa = PBXGroup;
			children = (
				C13EF83A2833842B007AE7B2 /* VC */,
				C1712F1128322E4B00361750 /* Models */,
				C11696F9286AE64E001699A4 /* Views */,
				C1712F1228322EC100361750 /* Services */,
				C1712F1328322EEC00361750 /* Storyboards */,
				C1A5FA4B2834A5FE00B14A21 /* App */,
				C1C9C1AF282CF244002AD499 /* Info.plist */,
				C1C6D9DF29535D0900D66DDE /* Assets.xcassets */,
				C166A9F42850E976001A8E14 /* PoemApp.xcdatamodeld */,
			);
			path = PoemApp;
			sourceTree = "<group>";
		};
		D8A75F44925E9939B0DEE14C /* Frameworks */ = {
			isa = PBXGroup;
			children = (
				5D96B107EF88AD3C739F1938 /* Pods_PoemApp.framework */,
			);
			name = Frameworks;
			sourceTree = "<group>";
		};
/* End PBXGroup section */

/* Begin PBXNativeTarget section */
		C1C9C19D282CF243002AD499 /* PoemApp */ = {
			isa = PBXNativeTarget;
			buildConfigurationList = C1C9C1B2282CF244002AD499 /* Build configuration list for PBXNativeTarget "PoemApp" */;
			buildPhases = (
				5AC22BE1D4C02B39996422F0 /* [CP] Check Pods Manifest.lock */,
				C1C9C19A282CF243002AD499 /* Sources */,
				C1C9C19B282CF243002AD499 /* Frameworks */,
				C1C9C19C282CF243002AD499 /* Resources */,
				5816E6DA1989F3B5420FD9C0 /* [CP] Embed Pods Frameworks */,
			);
			buildRules = (
			);
			dependencies = (
			);
			name = PoemApp;
			productName = PoemApp;
			productReference = C1C9C19E282CF243002AD499 /* PoemApp.app */;
			productType = "com.apple.product-type.application";
		};
/* End PBXNativeTarget section */

/* Begin PBXProject section */
		C1C9C196282CF243002AD499 /* Project object */ = {
			isa = PBXProject;
			attributes = {
				BuildIndependentTargetsInParallel = 1;
				LastSwiftUpdateCheck = 1330;
				LastUpgradeCheck = 1330;
				TargetAttributes = {
					C1C9C19D282CF243002AD499 = {
						CreatedOnToolsVersion = 13.3.1;
					};
				};
			};
			buildConfigurationList = C1C9C199282CF243002AD499 /* Build configuration list for PBXProject "PoemApp" */;
			compatibilityVersion = "Xcode 13.0";
			developmentRegion = en;
			hasScannedForEncodings = 0;
			knownRegions = (
				en,
				Base,
			);
			mainGroup = C1C9C195282CF243002AD499;
			productRefGroup = C1C9C19F282CF243002AD499 /* Products */;
			projectDirPath = "";
			projectRoot = "";
			targets = (
				C1C9C19D282CF243002AD499 /* PoemApp */,
			);
		};
/* End PBXProject section */

/* Begin PBXResourcesBuildPhase section */
		C1C9C19C282CF243002AD499 /* Resources */ = {
			isa = PBXResourcesBuildPhase;
			buildActionMask = 2147483647;
			files = (
				C1C9C1AE282CF244002AD499 /* LaunchScreen.storyboard in Resources */,
				C1C6D9E029535D0900D66DDE /* Assets.xcassets in Resources */,
				C1C9C1A9282CF243002AD499 /* Main.storyboard in Resources */,
			);
			runOnlyForDeploymentPostprocessing = 0;
		};
/* End PBXResourcesBuildPhase section */

/* Begin PBXShellScriptBuildPhase section */
		5816E6DA1989F3B5420FD9C0 /* [CP] Embed Pods Frameworks */ = {
			isa = PBXShellScriptBuildPhase;
			buildActionMask = 2147483647;
			files = (
			);
			inputFileListPaths = (
				"${PODS_ROOT}/Target Support Files/Pods-PoemApp/Pods-PoemApp-frameworks-${CONFIGURATION}-input-files.xcfilelist",
			);
			name = "[CP] Embed Pods Frameworks";
			outputFileListPaths = (
				"${PODS_ROOT}/Target Support Files/Pods-PoemApp/Pods-PoemApp-frameworks-${CONFIGURATION}-output-files.xcfilelist",
			);
			runOnlyForDeploymentPostprocessing = 0;
			shellPath = /bin/sh;
			shellScript = "\"${PODS_ROOT}/Target Support Files/Pods-PoemApp/Pods-PoemApp-frameworks.sh\"\n";
			showEnvVarsInLog = 0;
		};
		5AC22BE1D4C02B39996422F0 /* [CP] Check Pods Manifest.lock */ = {
			isa = PBXShellScriptBuildPhase;
			buildActionMask = 2147483647;
			files = (
			);
			inputFileListPaths = (
			);
			inputPaths = (
				"${PODS_PODFILE_DIR_PATH}/Podfile.lock",
				"${PODS_ROOT}/Manifest.lock",
			);
			name = "[CP] Check Pods Manifest.lock";
			outputFileListPaths = (
			);
			outputPaths = (
				"$(DERIVED_FILE_DIR)/Pods-PoemApp-checkManifestLockResult.txt",
			);
			runOnlyForDeploymentPostprocessing = 0;
			shellPath = /bin/sh;
			shellScript = "diff \"${PODS_PODFILE_DIR_PATH}/Podfile.lock\" \"${PODS_ROOT}/Manifest.lock\" > /dev/null\nif [ $? != 0 ] ; then\n    # print error to STDERR\n    echo \"error: The sandbox is not in sync with the Podfile.lock. Run 'pod install' or update your CocoaPods installation.\" >&2\n    exit 1\nfi\n# This output is used by Xcode 'outputs' to avoid re-running this script phase.\necho \"SUCCESS\" > \"${SCRIPT_OUTPUT_FILE_0}\"\n";
			showEnvVarsInLog = 0;
		};
/* End PBXShellScriptBuildPhase section */

/* Begin PBXSourcesBuildPhase section */
		C1C9C19A282CF243002AD499 /* Sources */ = {
			isa = PBXSourcesBuildPhase;
			buildActionMask = 2147483647;
			files = (
				C11680012965CE3F00BB80CB /* Extension.swift in Sources */,
				C1C9C1A6282CF243002AD499 /* SynonymViewController.swift in Sources */,
				C11696F8286AE5B4001699A4 /* PoemCell.swift in Sources */,
				C166A9F62850E976001A8E14 /* PoemApp.xcdatamodeld in Sources */,
				C156D8EE28688ECB00DB802E /* TabBarViewController.swift in Sources */,
				C173C514287C26A80063BD8F /* AlertController.swift in Sources */,
				C1A3F7E9286C2FAE0016CFD7 /* RhymesViewController.swift in Sources */,
				C13EF83E283384C1007AE7B2 /* StorageManager.swift in Sources */,
				C1C9C1B6282D18E7002AD499 /* Poem.swift in Sources */,
				C13EF83C28338484007AE7B2 /* WriterViewController.swift in Sources */,
				C1E822EE29587A1A00590B7D /* ColorCell.swift in Sources */,
				C1C9C1B8282D1CB8002AD499 /* NetworkManager.swift in Sources */,
				C1C9C1A2282CF243002AD499 /* AppDelegate.swift in Sources */,
				C1C9C1A4282CF243002AD499 /* SceneDelegate.swift in Sources */,
				C13EF8392833841A007AE7B2 /* PoemsViewController.swift in Sources */,
			);
			runOnlyForDeploymentPostprocessing = 0;
		};
/* End PBXSourcesBuildPhase section */

/* Begin PBXVariantGroup section */
		C1C9C1A7282CF243002AD499 /* Main.storyboard */ = {
			isa = PBXVariantGroup;
			children = (
				C1C9C1A8282CF243002AD499 /* Base */,
			);
			name = Main.storyboard;
			sourceTree = "<group>";
		};
		C1C9C1AC282CF244002AD499 /* LaunchScreen.storyboard */ = {
			isa = PBXVariantGroup;
			children = (
				C1C9C1AD282CF244002AD499 /* Base */,
			);
			name = LaunchScreen.storyboard;
			sourceTree = "<group>";
		};
/* End PBXVariantGroup section */

/* Begin XCBuildConfiguration section */
		C1C9C1B0282CF244002AD499 /* Debug */ = {
			isa = XCBuildConfiguration;
			buildSettings = {
				ALWAYS_SEARCH_USER_PATHS = NO;
				CLANG_ANALYZER_NONNULL = YES;
				CLANG_ANALYZER_NUMBER_OBJECT_CONVERSION = YES_AGGRESSIVE;
				CLANG_CXX_LANGUAGE_STANDARD = "gnu++17";
				CLANG_ENABLE_MODULES = YES;
				CLANG_ENABLE_OBJC_ARC = YES;
				CLANG_ENABLE_OBJC_WEAK = YES;
				CLANG_WARN_BLOCK_CAPTURE_AUTORELEASING = YES;
				CLANG_WARN_BOOL_CONVERSION = YES;
				CLANG_WARN_COMMA = YES;
				CLANG_WARN_CONSTANT_CONVERSION = YES;
				CLANG_WARN_DEPRECATED_OBJC_IMPLEMENTATIONS = YES;
				CLANG_WARN_DIRECT_OBJC_ISA_USAGE = YES_ERROR;
				CLANG_WARN_DOCUMENTATION_COMMENTS = YES;
				CLANG_WARN_EMPTY_BODY = YES;
				CLANG_WARN_ENUM_CONVERSION = YES;
				CLANG_WARN_INFINITE_RECURSION = YES;
				CLANG_WARN_INT_CONVERSION = YES;
				CLANG_WARN_NON_LITERAL_NULL_CONVERSION = YES;
				CLANG_WARN_OBJC_IMPLICIT_RETAIN_SELF = YES;
				CLANG_WARN_OBJC_LITERAL_CONVERSION = YES;
				CLANG_WARN_OBJC_ROOT_CLASS = YES_ERROR;
				CLANG_WARN_QUOTED_INCLUDE_IN_FRAMEWORK_HEADER = YES;
				CLANG_WARN_RANGE_LOOP_ANALYSIS = YES;
				CLANG_WARN_STRICT_PROTOTYPES = YES;
				CLANG_WARN_SUSPICIOUS_MOVE = YES;
				CLANG_WARN_UNGUARDED_AVAILABILITY = YES_AGGRESSIVE;
				CLANG_WARN_UNREACHABLE_CODE = YES;
				CLANG_WARN__DUPLICATE_METHOD_MATCH = YES;
				COPY_PHASE_STRIP = NO;
				DEBUG_INFORMATION_FORMAT = dwarf;
				ENABLE_STRICT_OBJC_MSGSEND = YES;
				ENABLE_TESTABILITY = YES;
				GCC_C_LANGUAGE_STANDARD = gnu11;
				GCC_DYNAMIC_NO_PIC = NO;
				GCC_NO_COMMON_BLOCKS = YES;
				GCC_OPTIMIZATION_LEVEL = 0;
				GCC_PREPROCESSOR_DEFINITIONS = (
					"DEBUG=1",
					"$(inherited)",
				);
				GCC_WARN_64_TO_32_BIT_CONVERSION = YES;
				GCC_WARN_ABOUT_RETURN_TYPE = YES_ERROR;
				GCC_WARN_UNDECLARED_SELECTOR = YES;
				GCC_WARN_UNINITIALIZED_AUTOS = YES_AGGRESSIVE;
				GCC_WARN_UNUSED_FUNCTION = YES;
				GCC_WARN_UNUSED_VARIABLE = YES;
				IPHONEOS_DEPLOYMENT_TARGET = 15.4;
				MTL_ENABLE_DEBUG_INFO = INCLUDE_SOURCE;
				MTL_FAST_MATH = YES;
				ONLY_ACTIVE_ARCH = YES;
				SDKROOT = iphoneos;
				SWIFT_ACTIVE_COMPILATION_CONDITIONS = DEBUG;
				SWIFT_OPTIMIZATION_LEVEL = "-Onone";
			};
			name = Debug;
		};
		C1C9C1B1282CF244002AD499 /* Release */ = {
			isa = XCBuildConfiguration;
			buildSettings = {
				ALWAYS_SEARCH_USER_PATHS = NO;
				CLANG_ANALYZER_NONNULL = YES;
				CLANG_ANALYZER_NUMBER_OBJECT_CONVERSION = YES_AGGRESSIVE;
				CLANG_CXX_LANGUAGE_STANDARD = "gnu++17";
				CLANG_ENABLE_MODULES = YES;
				CLANG_ENABLE_OBJC_ARC = YES;
				CLANG_ENABLE_OBJC_WEAK = YES;
				CLANG_WARN_BLOCK_CAPTURE_AUTORELEASING = YES;
				CLANG_WARN_BOOL_CONVERSION = YES;
				CLANG_WARN_COMMA = YES;
				CLANG_WARN_CONSTANT_CONVERSION = YES;
				CLANG_WARN_DEPRECATED_OBJC_IMPLEMENTATIONS = YES;
				CLANG_WARN_DIRECT_OBJC_ISA_USAGE = YES_ERROR;
				CLANG_WARN_DOCUMENTATION_COMMENTS = YES;
				CLANG_WARN_EMPTY_BODY = YES;
				CLANG_WARN_ENUM_CONVERSION = YES;
				CLANG_WARN_INFINITE_RECURSION = YES;
				CLANG_WARN_INT_CONVERSION = YES;
				CLANG_WARN_NON_LITERAL_NULL_CONVERSION = YES;
				CLANG_WARN_OBJC_IMPLICIT_RETAIN_SELF = YES;
				CLANG_WARN_OBJC_LITERAL_CONVERSION = YES;
				CLANG_WARN_OBJC_ROOT_CLASS = YES_ERROR;
				CLANG_WARN_QUOTED_INCLUDE_IN_FRAMEWORK_HEADER = YES;
				CLANG_WARN_RANGE_LOOP_ANALYSIS = YES;
				CLANG_WARN_STRICT_PROTOTYPES = YES;
				CLANG_WARN_SUSPICIOUS_MOVE = YES;
				CLANG_WARN_UNGUARDED_AVAILABILITY = YES_AGGRESSIVE;
				CLANG_WARN_UNREACHABLE_CODE = YES;
				CLANG_WARN__DUPLICATE_METHOD_MATCH = YES;
				COPY_PHASE_STRIP = NO;
				DEBUG_INFORMATION_FORMAT = "dwarf-with-dsym";
				ENABLE_NS_ASSERTIONS = NO;
				ENABLE_STRICT_OBJC_MSGSEND = YES;
				GCC_C_LANGUAGE_STANDARD = gnu11;
				GCC_NO_COMMON_BLOCKS = YES;
				GCC_WARN_64_TO_32_BIT_CONVERSION = YES;
				GCC_WARN_ABOUT_RETURN_TYPE = YES_ERROR;
				GCC_WARN_UNDECLARED_SELECTOR = YES;
				GCC_WARN_UNINITIALIZED_AUTOS = YES_AGGRESSIVE;
				GCC_WARN_UNUSED_FUNCTION = YES;
				GCC_WARN_UNUSED_VARIABLE = YES;
				IPHONEOS_DEPLOYMENT_TARGET = 15.4;
				MTL_ENABLE_DEBUG_INFO = NO;
				MTL_FAST_MATH = YES;
				SDKROOT = iphoneos;
				SWIFT_COMPILATION_MODE = wholemodule;
				SWIFT_OPTIMIZATION_LEVEL = "-O";
				VALIDATE_PRODUCT = YES;
			};
			name = Release;
		};
		C1C9C1B3282CF244002AD499 /* Debug */ = {
			isa = XCBuildConfiguration;
			baseConfigurationReference = E33AE822F31E413EAB72DE18 /* Pods-PoemApp.debug.xcconfig */;
			buildSettings = {
				ASSETCATALOG_COMPILER_APPICON_NAME = AppIcon;
				ASSETCATALOG_COMPILER_GLOBAL_ACCENT_COLOR_NAME = AccentColor;
				CODE_SIGN_STYLE = Automatic;
				CURRENT_PROJECT_VERSION = 1;
				DEVELOPMENT_TEAM = GJ8322288B;
				GENERATE_INFOPLIST_FILE = YES;
				INFOPLIST_FILE = PoemApp/Info.plist;
				INFOPLIST_KEY_UIApplicationSupportsIndirectInputEvents = YES;
				INFOPLIST_KEY_UILaunchStoryboardName = LaunchScreen;
				INFOPLIST_KEY_UIMainStoryboardFile = Main;
				INFOPLIST_KEY_UISupportedInterfaceOrientations_iPad = "UIInterfaceOrientationPortrait UIInterfaceOrientationPortraitUpsideDown UIInterfaceOrientationLandscapeLeft UIInterfaceOrientationLandscapeRight";
				INFOPLIST_KEY_UISupportedInterfaceOrientations_iPhone = "UIInterfaceOrientationPortrait UIInterfaceOrientationLandscapeLeft UIInterfaceOrientationLandscapeRight";
				IPHONEOS_DEPLOYMENT_TARGET = 14.0;
				LD_RUNPATH_SEARCH_PATHS = (
					"$(inherited)",
					"@executable_path/Frameworks",
				);
				MARKETING_VERSION = 1.0;
				PRODUCT_BUNDLE_IDENTIFIER = ru.swiftbook.PoemApp;
				PRODUCT_NAME = "$(TARGET_NAME)";
				SWIFT_EMIT_LOC_STRINGS = YES;
				SWIFT_VERSION = 5.0;
				TARGETED_DEVICE_FAMILY = "1,2";
			};
			name = Debug;
		};
		C1C9C1B4282CF244002AD499 /* Release */ = {
			isa = XCBuildConfiguration;
			baseConfigurationReference = F2945D0580A3967841EE5265 /* Pods-PoemApp.release.xcconfig */;
			buildSettings = {
				ASSETCATALOG_COMPILER_APPICON_NAME = AppIcon;
				ASSETCATALOG_COMPILER_GLOBAL_ACCENT_COLOR_NAME = AccentColor;
				CODE_SIGN_STYLE = Automatic;
				CURRENT_PROJECT_VERSION = 1;
				DEVELOPMENT_TEAM = GJ8322288B;
				GENERATE_INFOPLIST_FILE = YES;
				INFOPLIST_FILE = PoemApp/Info.plist;
				INFOPLIST_KEY_UIApplicationSupportsIndirectInputEvents = YES;
				INFOPLIST_KEY_UILaunchStoryboardName = LaunchScreen;
				INFOPLIST_KEY_UIMainStoryboardFile = Main;
				INFOPLIST_KEY_UISupportedInterfaceOrientations_iPad = "UIInterfaceOrientationPortrait UIInterfaceOrientationPortraitUpsideDown UIInterfaceOrientationLandscapeLeft UIInterfaceOrientationLandscapeRight";
				INFOPLIST_KEY_UISupportedInterfaceOrientations_iPhone = "UIInterfaceOrientationPortrait UIInterfaceOrientationLandscapeLeft UIInterfaceOrientationLandscapeRight";
				IPHONEOS_DEPLOYMENT_TARGET = 14.0;
				LD_RUNPATH_SEARCH_PATHS = (
					"$(inherited)",
					"@executable_path/Frameworks",
				);
				MARKETING_VERSION = 1.0;
				PRODUCT_BUNDLE_IDENTIFIER = ru.swiftbook.PoemApp;
				PRODUCT_NAME = "$(TARGET_NAME)";
				SWIFT_EMIT_LOC_STRINGS = YES;
				SWIFT_VERSION = 5.0;
				TARGETED_DEVICE_FAMILY = "1,2";
			};
			name = Release;
		};
/* End XCBuildConfiguration section */

/* Begin XCConfigurationList section */
		C1C9C199282CF243002AD499 /* Build configuration list for PBXProject "PoemApp" */ = {
			isa = XCConfigurationList;
			buildConfigurations = (
				C1C9C1B0282CF244002AD499 /* Debug */,
				C1C9C1B1282CF244002AD499 /* Release */,
			);
			defaultConfigurationIsVisible = 0;
			defaultConfigurationName = Release;
		};
		C1C9C1B2282CF244002AD499 /* Build configuration list for PBXNativeTarget "PoemApp" */ = {
			isa = XCConfigurationList;
			buildConfigurations = (
				C1C9C1B3282CF244002AD499 /* Debug */,
				C1C9C1B4282CF244002AD499 /* Release */,
			);
			defaultConfigurationIsVisible = 0;
			defaultConfigurationName = Release;
		};
/* End XCConfigurationList section */

/* Begin XCVersionGroup section */
		C166A9F42850E976001A8E14 /* PoemApp.xcdatamodeld */ = {
			isa = XCVersionGroup;
			children = (
				C166A9F52850E976001A8E14 /* PoemApp.xcdatamodel */,
			);
			currentVersion = C166A9F52850E976001A8E14 /* PoemApp.xcdatamodel */;
			path = PoemApp.xcdatamodeld;
			sourceTree = "<group>";
			versionGroupType = wrapper.xcdatamodel;
		};
/* End XCVersionGroup section */
	};
	rootObject = C1C9C196282CF243002AD499 /* Project object */;
}
